
Microsoft Visual Studio Solution File, Format Version 12.00
# Visual Studio Version 16
VisualStudioVersion = 16.0.30621.155
MinimumVisualStudioVersion = 10.0.40219.1
Project("{FAE04EC0-301F-11D3-BF4B-00C04F79EFBC}") = "AudioSender_Receiver1", "AudioSender_Receiver1\AudioSender_Receiver1.csproj", "{9250537C-7281-4A07-90C9-E987390C92B0}"
EndProject
Global
	GlobalSection(SolutionConfigurationPlatforms) = preSolution
		Debug|Any CPU = Debug|Any CPU
		Release|Any CPU = Release|Any CPU
	EndGlobalSection
	GlobalSection(ProjectConfigurationPlatforms) = postSolution
		{9250537C-7281-4A07-90C9-E987390C92B0}.Debug|Any CPU.ActiveCfg = Debug|Any CPU
		{9250537C-7281-4A07-90C9-E987390C92B0}.Debug|Any CPU.Build.0 = Debug|Any CPU
		{9250537C-7281-4A07-90C9-E987390C92B0}.Release|Any CPU.ActiveCfg = Release|Any CPU
		{9250537C-7281-4A07-90C9-E987390C92B0}.Release|Any CPU.Build.0 = Release|Any CPU
	EndGlobalSection
	GlobalSection(SolutionProperties) = preSolution
		HideSolutionNode = FALSE
	EndGlobalSection
	GlobalSection(ExtensibilityGlobals) = postSolution
		SolutionGuid = {E14F1839-2F37-44B3-BC59-C4BD0C174F0B}
	EndGlobalSection
EndGlobal
